
Microsoft Visual Studio Solution File, Format Version 12.00
# Visual Studio Version 17
VisualStudioVersion = 17.9.34728.123
MinimumVisualStudioVersion = 10.0.40219.1
Project("{9A19103F-16F7-4668-BE54-9A1E7A4F7556}") = "Data", "Data\Data.csproj", "{A80C19C4-F0EB-405E-A5E7-27FAFC34B5F9}"
EndProject
Project("{9A19103F-16F7-4668-BE54-9A1E7A4F7556}") = "Core", "Core\Core.csproj", "{BE3BAE85-7D45-4204-B344-53FD84180A82}"
EndProject
Project("{9A19103F-16F7-4668-BE54-9A1E7A4F7556}") = "Services", "Services\Services.csproj", "{4398649E-B39B-433D-BAF2-05F5F225EFF7}"
EndProject
Project("{9A19103F-16F7-4668-BE54-9A1E7A4F7556}") = "TelegramBot", "TelegramBot\TelegramBot.csproj", "{064435F9-0098-404B-A84F-F75DC577A738}"
EndProject
Project("{9A19103F-16F7-4668-BE54-9A1E7A4F7556}") = "Common", "Common\Common.csproj", "{83BDBDC5-00D3-4C6C-B585-1EC226170D67}"
EndProject
Global
	GlobalSection(SolutionConfigurationPlatforms) = preSolution
		Debug|Any CPU = Debug|Any CPU
		Release|Any CPU = Release|Any CPU
	EndGlobalSection
	GlobalSection(ProjectConfigurationPlatforms) = postSolution
		{A80C19C4-F0EB-405E-A5E7-27FAFC34B5F9}.Debug|Any CPU.ActiveCfg = Debug|Any CPU
		{A80C19C4-F0EB-405E-A5E7-27FAFC34B5F9}.Debug|Any CPU.Build.0 = Debug|Any CPU
		{A80C19C4-F0EB-405E-A5E7-27FAFC34B5F9}.Release|Any CPU.ActiveCfg = Release|Any CPU
		{A80C19C4-F0EB-405E-A5E7-27FAFC34B5F9}.Release|Any CPU.Build.0 = Release|Any CPU
		{BE3BAE85-7D45-4204-B344-53FD84180A82}.Debug|Any CPU.ActiveCfg = Debug|Any CPU
		{BE3BAE85-7D45-4204-B344-53FD84180A82}.Debug|Any CPU.Build.0 = Debug|Any CPU
		{BE3BAE85-7D45-4204-B344-53FD84180A82}.Release|Any CPU.ActiveCfg = Release|Any CPU
		{BE3BAE85-7D45-4204-B344-53FD84180A82}.Release|Any CPU.Build.0 = Release|Any CPU
		{4398649E-B39B-433D-BAF2-05F5F225EFF7}.Debug|Any CPU.ActiveCfg = Debug|Any CPU
		{4398649E-B39B-433D-BAF2-05F5F225EFF7}.Debug|Any CPU.Build.0 = Debug|Any CPU
		{4398649E-B39B-433D-BAF2-05F5F225EFF7}.Release|Any CPU.ActiveCfg = Release|Any CPU
		{4398649E-B39B-433D-BAF2-05F5F225EFF7}.Release|Any CPU.Build.0 = Release|Any CPU
		{064435F9-0098-404B-A84F-F75DC577A738}.Debug|Any CPU.ActiveCfg = Debug|Any CPU
		{064435F9-0098-404B-A84F-F75DC577A738}.Debug|Any CPU.Build.0 = Debug|Any CPU
		{064435F9-0098-404B-A84F-F75DC577A738}.Release|Any CPU.ActiveCfg = Release|Any CPU
		{064435F9-0098-404B-A84F-F75DC577A738}.Release|Any CPU.Build.0 = Release|Any CPU
		{83BDBDC5-00D3-4C6C-B585-1EC226170D67}.Debug|Any CPU.ActiveCfg = Debug|Any CPU
		{83BDBDC5-00D3-4C6C-B585-1EC226170D67}.Debug|Any CPU.Build.0 = Debug|Any CPU
		{83BDBDC5-00D3-4C6C-B585-1EC226170D67}.Release|Any CPU.ActiveCfg = Release|Any CPU
		{83BDBDC5-00D3-4C6C-B585-1EC226170D67}.Release|Any CPU.Build.0 = Release|Any CPU
	EndGlobalSection
	GlobalSection(SolutionProperties) = preSolution
		HideSolutionNode = FALSE
	EndGlobalSection
	GlobalSection(ExtensibilityGlobals) = postSolution
		SolutionGuid = {25B5AA25-6A9A-4D12-AF2E-8DC94BB96AEF}
	EndGlobalSection
EndGlobal
