
Microsoft Visual Studio Solution File, Format Version 12.00
# Visual Studio Version 17
VisualStudioVersion = 17.9.34728.123
MinimumVisualStudioVersion = 10.0.40219.1
Project("{2150E333-8FDC-42A3-9474-1A3956D46DE8}") = "src", "src", "{3ED895F4-6069-4A85-B389-E057D7425192}"
EndProject
Project("{2150E333-8FDC-42A3-9474-1A3956D46DE8}") = ".github", ".github", "{6E948940-7DDC-4C51-AB5B-7434712D0C19}"
EndProject
Project("{2150E333-8FDC-42A3-9474-1A3956D46DE8}") = "workflows", "workflows", "{67FFE57A-D810-462B-887A-E45DB0BBC7F7}"
	ProjectSection(SolutionItems) = preProject
		main_deployment.yml = main_deployment.yml
	EndProjectSection
EndProject
Project("{9A19103F-16F7-4668-BE54-9A1E7A4F7556}") = "Common", "src\Common\Common.csproj", "{B15F06A8-4EDD-403F-9F0A-58283F2EDF5F}"
EndProject
Project("{9A19103F-16F7-4668-BE54-9A1E7A4F7556}") = "Core", "src\Core\Core.csproj", "{3174BE51-5C41-4CCB-AA8D-DF181A8CCB5B}"
EndProject
Project("{9A19103F-16F7-4668-BE54-9A1E7A4F7556}") = "Data", "src\Data\Data.csproj", "{6ACAEFCA-02A8-4C4B-A785-B5B929095411}"
EndProject
Project("{9A19103F-16F7-4668-BE54-9A1E7A4F7556}") = "Services", "src\Services\Services.csproj", "{596B9988-F342-42DB-8949-30E7B3799C0D}"
EndProject
Project("{9A19103F-16F7-4668-BE54-9A1E7A4F7556}") = "TelegramBot", "src\TelegramBot\TelegramBot.csproj", "{67ECDF76-74B9-4999-836E-608CB8483A51}"
EndProject
Global
	GlobalSection(SolutionConfigurationPlatforms) = preSolution
		Debug|Any CPU = Debug|Any CPU
		Release|Any CPU = Release|Any CPU
	EndGlobalSection
	GlobalSection(ProjectConfigurationPlatforms) = postSolution
		{B15F06A8-4EDD-403F-9F0A-58283F2EDF5F}.Debug|Any CPU.ActiveCfg = Debug|Any CPU
		{B15F06A8-4EDD-403F-9F0A-58283F2EDF5F}.Debug|Any CPU.Build.0 = Debug|Any CPU
		{B15F06A8-4EDD-403F-9F0A-58283F2EDF5F}.Release|Any CPU.ActiveCfg = Release|Any CPU
		{B15F06A8-4EDD-403F-9F0A-58283F2EDF5F}.Release|Any CPU.Build.0 = Release|Any CPU
		{3174BE51-5C41-4CCB-AA8D-DF181A8CCB5B}.Debug|Any CPU.ActiveCfg = Debug|Any CPU
		{3174BE51-5C41-4CCB-AA8D-DF181A8CCB5B}.Debug|Any CPU.Build.0 = Debug|Any CPU
		{3174BE51-5C41-4CCB-AA8D-DF181A8CCB5B}.Release|Any CPU.ActiveCfg = Release|Any CPU
		{3174BE51-5C41-4CCB-AA8D-DF181A8CCB5B}.Release|Any CPU.Build.0 = Release|Any CPU
		{6ACAEFCA-02A8-4C4B-A785-B5B929095411}.Debug|Any CPU.ActiveCfg = Debug|Any CPU
		{6ACAEFCA-02A8-4C4B-A785-B5B929095411}.Debug|Any CPU.Build.0 = Debug|Any CPU
		{6ACAEFCA-02A8-4C4B-A785-B5B929095411}.Release|Any CPU.ActiveCfg = Release|Any CPU
		{6ACAEFCA-02A8-4C4B-A785-B5B929095411}.Release|Any CPU.Build.0 = Release|Any CPU
		{596B9988-F342-42DB-8949-30E7B3799C0D}.Debug|Any CPU.ActiveCfg = Debug|Any CPU
		{596B9988-F342-42DB-8949-30E7B3799C0D}.Debug|Any CPU.Build.0 = Debug|Any CPU
		{596B9988-F342-42DB-8949-30E7B3799C0D}.Release|Any CPU.ActiveCfg = Release|Any CPU
		{596B9988-F342-42DB-8949-30E7B3799C0D}.Release|Any CPU.Build.0 = Release|Any CPU
		{67ECDF76-74B9-4999-836E-608CB8483A51}.Debug|Any CPU.ActiveCfg = Debug|Any CPU
		{67ECDF76-74B9-4999-836E-608CB8483A51}.Debug|Any CPU.Build.0 = Debug|Any CPU
		{67ECDF76-74B9-4999-836E-608CB8483A51}.Release|Any CPU.ActiveCfg = Release|Any CPU
		{67ECDF76-74B9-4999-836E-608CB8483A51}.Release|Any CPU.Build.0 = Release|Any CPU
	EndGlobalSection
	GlobalSection(SolutionProperties) = preSolution
		HideSolutionNode = FALSE
	EndGlobalSection
	GlobalSection(NestedProjects) = preSolution
		{67FFE57A-D810-462B-887A-E45DB0BBC7F7} = {6E948940-7DDC-4C51-AB5B-7434712D0C19}
		{B15F06A8-4EDD-403F-9F0A-58283F2EDF5F} = {3ED895F4-6069-4A85-B389-E057D7425192}
		{3174BE51-5C41-4CCB-AA8D-DF181A8CCB5B} = {3ED895F4-6069-4A85-B389-E057D7425192}
		{6ACAEFCA-02A8-4C4B-A785-B5B929095411} = {3ED895F4-6069-4A85-B389-E057D7425192}
		{596B9988-F342-42DB-8949-30E7B3799C0D} = {3ED895F4-6069-4A85-B389-E057D7425192}
		{67ECDF76-74B9-4999-836E-608CB8483A51} = {3ED895F4-6069-4A85-B389-E057D7425192}
	EndGlobalSection
	GlobalSection(ExtensibilityGlobals) = postSolution
		SolutionGuid = {25B5AA25-6A9A-4D12-AF2E-8DC94BB96AEF}
	EndGlobalSection
EndGlobal
